
Microsoft Visual Studio Solution File, Format Version 12.00
# Visual Studio Version 17
VisualStudioVersion = 17.4.33205.214
MinimumVisualStudioVersion = 10.0.40219.1
Project("{FAE04EC0-301F-11D3-BF4B-00C04F79EFBC}") = "SimpleHttpServer", "SimpleHttpServer\SimpleHttpServer.csproj", "{7CDE4044-A197-41D6-94B4-95EFD177B3AA}"
EndProject
Global
	GlobalSection(SolutionConfigurationPlatforms) = preSolution
		Debug|Any CPU = Debug|Any CPU
		Release|Any CPU = Release|Any CPU
	EndGlobalSection
	GlobalSection(ProjectConfigurationPlatforms) = postSolution
		{7CDE4044-A197-41D6-94B4-95EFD177B3AA}.Debug|Any CPU.ActiveCfg = Debug|Any CPU
		{7CDE4044-A197-41D6-94B4-95EFD177B3AA}.Debug|Any CPU.Build.0 = Debug|Any CPU
		{7CDE4044-A197-41D6-94B4-95EFD177B3AA}.Release|Any CPU.ActiveCfg = Release|Any CPU
		{7CDE4044-A197-41D6-94B4-95EFD177B3AA}.Release|Any CPU.Build.0 = Release|Any CPU
	EndGlobalSection
	GlobalSection(SolutionProperties) = preSolution
		HideSolutionNode = FALSE
	EndGlobalSection
	GlobalSection(ExtensibilityGlobals) = postSolution
		SolutionGuid = {2E5C37FC-3987-4F66-A16E-A9694FB0802D}
	EndGlobalSection
EndGlobal
